# Generated by conda-lock.
# platform: win-64
# input_hash: 969335e59b50bb9e14dd0e404f32781c5ff3c1c7135c0d7adf1f31df451e4b9b
@EXPLICIT
https://conda.anaconda.org/conda-forge/win-64/dart-sass-1.59.1-h57928b3_0.conda#7b884d6ae77792e5fdb47cc5c43f0676
https://conda.anaconda.org/conda-forge/win-64/esbuild-0.27.2-h11686cb_0.conda#b988ee500d0969f680bd3e0ede4ed6a1
https://conda.anaconda.org/conda-forge/noarch/font-ttf-dejavu-sans-mono-2.37-hab24e00_0.tar.bz2#0c96522c6bdaed4b1566d11387caaf45
https://conda.anaconda.org/conda-forge/noarch/font-ttf-inconsolata-3.000-h77eed37_0.tar.bz2#34893075a5c9e55cdafac56607368fc6
https://conda.anaconda.org/conda-forge/noarch/font-ttf-source-code-pro-2.038-h77eed37_0.tar.bz2#4d59c254e01d9cde7957100457e2d5fb
https://conda.anaconda.org/conda-forge/noarch/font-ttf-ubuntu-0.83-h77eed37_3.conda#49023d73832ef61042f6a237cb2687e7
https://conda.anaconda.org/conda-forge/noarch/nlohmann_json-abi-3.12.0-h0f90c79_1.conda#59659d0213082bc13be8500bab80c002
https://conda.anaconda.org/conda-forge/win-64/nodejs-22.21.1-he453025_0.conda#df959f61eb2ce7872c981a2719a36e18
https://conda.anaconda.org/conda-forge/win-64/pandoc-3.6.3-h57928b3_0.conda#9b999036cccf0d5a94ed3c0b0edbb905
https://conda.anaconda.org/conda-forge/noarch/pybind11-abi-11-hc364b38_1.conda#f0599959a2447c1e544e216bddf393fa
https://conda.anaconda.org/conda-forge/noarch/python_abi-3.12-8_cp312.conda#c3efd25ac4d74b1584d2f7a57195ddf1
https://conda.anaconda.org/conda-forge/noarch/tzdata-2025c-hc9c84f9_1.conda#ad659d0a2b3e47e38d829aa8cad2d610
https://conda.anaconda.org/conda-forge/win-64/ucrt-10.0.26100.0-h57928b3_0.conda#71b24316859acd00bdb8b38f5e2ce328
https://conda.anaconda.org/conda-forge/win-64/winpty-0.4.3-4.tar.bz2#1cee351bf20b830d991dbe0bc8cd7dfe
https://conda.anaconda.org/conda-forge/noarch/ca-certificates-2025.11.12-h4c7d964_0.conda#f98fb7db808b94bc1ec5b0e62f9f1069
https://conda.anaconda.org/conda-forge/noarch/fonts-conda-forge-1-hc364b38_1.conda#a7970cd949a077b7cb9696379d338681
https://conda.anaconda.org/conda-forge/win-64/libwinpthread-12.0.0.r4.gg4f2fc60ca-h57928b3_10.conda#8a86073cf3b343b87d03f41790d8b4e5
https://conda.anaconda.org/conda-forge/win-64/vcomp14-14.44.35208-h818238b_33.conda#4cb6942b4bd846e51b4849f4a93c7e6d
https://conda.anaconda.org/conda-forge/noarch/fonts-conda-ecosystem-1-0.tar.bz2#fee5683a3f04bd15cbd8318b096a27ab
https://conda.anaconda.org/conda-forge/win-64/libgomp-15.2.0-h8ee18e1_16.conda#ab8189163748f95d4cb18ea1952943c3
https://conda.anaconda.org/conda-forge/win-64/vc14_runtime-14.44.35208-h818238b_33.conda#fb8e4914c5ad1c71b3c519621e1df7b8
https://conda.anaconda.org/conda-forge/win-64/_openmp_mutex-4.5-2_gnu.conda#37e16618af5c4851a3f3d66dd0e11141
https://conda.anaconda.org/conda-forge/win-64/vc-14.3-h2b53caa_33.conda#2d1c042360c09498891809a3765261be
https://conda.anaconda.org/conda-forge/win-64/bzip2-1.0.8-h0ad9c76_8.conda#1077e9333c41ff0be8edd1a5ec0ddace
https://conda.anaconda.org/conda-forge/win-64/cpp-expected-1.3.1-h477610d_0.conda#444e9f7d9b3f69006c3af5db59e11364
https://conda.anaconda.org/conda-forge/win-64/fmt-12.0.0-h29169d4_0.conda#538a2d266f27a80a351f15873c3e0de7
https://conda.anaconda.org/conda-forge/win-64/fribidi-1.0.16-hfd05255_0.conda#c27bd87e70f970010c1c6db104b88b18
https://conda.anaconda.org/conda-forge/win-64/getopt-win32-0.1-h6a83c73_3.conda#49c36fcad2e9af6b91e91f2ce5be8ebd
https://conda.anaconda.org/conda-forge/win-64/graphite2-1.3.14-hac47afa_2.conda#b785694dd3ec77a011ccf0c24725382b
https://conda.anaconda.org/conda-forge/win-64/icu-75.1-he0c23c2_0.conda#8579b6bb8d18be7c0b27fb08adeeeb40
https://conda.anaconda.org/conda-forge/win-64/lerc-4.0.0-h6470a55_1.conda#c1b81da6d29a14b542da14a36c9fbf3f
https://conda.anaconda.org/conda-forge/win-64/libbrotlicommon-1.2.0-hfd05255_1.conda#444b0a45bbd1cb24f82eedb56721b9c4
https://conda.anaconda.org/conda-forge/win-64/libdeflate-1.25-h51727cc_0.conda#e77030e67343e28b084fabd7db0ce43e
https://conda.anaconda.org/conda-forge/win-64/libexpat-2.7.3-hac47afa_0.conda#8c9e4f1a0e688eef2e95711178061a0f
https://conda.anaconda.org/conda-forge/win-64/libffi-3.5.2-h52bdfb6_0.conda#ba4ad812d2afc22b9a34ce8327a0930f
https://conda.anaconda.org/conda-forge/win-64/libgcc-15.2.0-h8ee18e1_16.conda#1edb8bd8e093ebd31558008e9cb23b47
https://conda.anaconda.org/conda-forge/win-64/libiconv-1.18-hc1393d2_2.conda#64571d1dd6cdcfa25d0664a5950fdaa2
https://conda.anaconda.org/conda-forge/win-64/libjpeg-turbo-3.1.2-hfd05255_0.conda#56a686f92ac0273c0f6af58858a3f013
https://conda.anaconda.org/conda-forge/win-64/liblzma-5.8.1-h2466b09_2.conda#c15148b2e18da456f5108ccb5e411446
https://conda.anaconda.org/conda-forge/win-64/libogg-1.3.5-h2466b09_1.conda#b67ed8c9ca072695ff482e50d888a523
https://conda.anaconda.org/conda-forge/win-64/libsodium-1.0.20-hc70643c_0.conda#198bb594f202b205c7d18b936fa4524f
https://conda.anaconda.org/conda-forge/win-64/libsqlite-3.51.1-hf5d6505_1.conda#be65be5f758709fc01b01626152e96b0
https://conda.anaconda.org/conda-forge/win-64/libwebp-base-1.6.0-h4d5522a_0.conda#f9bbae5e2537e3b06e0f7310ba76c893
https://conda.anaconda.org/conda-forge/win-64/libxgboost-3.1.2-cpu_hd161407_2.conda#069ff8417794b23ba02fb61ddc8c0f37
https://conda.anaconda.org/conda-forge/win-64/libzlib-1.3.1-h2466b09_2.conda#41fbfac52c601159df6c01f875de31b9
https://conda.anaconda.org/conda-forge/win-64/llvm-openmp-21.1.8-h4fa8253_0.conda#0d8b425ac862bcf17e4b28802c9351cb
https://conda.anaconda.org/conda-forge/win-64/lz4-c-1.10.0-h2466b09_1.conda#0b69331897a92fac3d8923549d48d092
https://conda.anaconda.org/conda-forge/win-64/lzo-2.10-h6a83c73_1002.conda#c5cb4159f0eea65663b31dd1e49bbb71
https://conda.anaconda.org/conda-forge/win-64/opencl-headers-2025.06.13-he0c23c2_0.conda#25b288eda332180bba67ef785a20ae45
https://conda.anaconda.org/conda-forge/win-64/openssl-3.6.0-h725018a_0.conda#84f8fb4afd1157f59098f618cd2437e4
https://conda.anaconda.org/conda-forge/win-64/pixman-0.46.4-h5112557_1.conda#08c8fa3b419df480d985e304f7884d35
https://conda.anaconda.org/conda-forge/win-64/reproc-14.2.5.post0-h2466b09_0.conda#c3ca4c18c99a3b9832e11b11af227713
https://conda.anaconda.org/conda-forge/win-64/simdjson-4.2.4-h49e36cd_0.conda#c625e0530b27e3bad5f59fa00744bbb8
https://conda.anaconda.org/conda-forge/win-64/tk-8.6.13-h2c6b04d_3.conda#7cb36e506a7dba4817970f8adb6396f9
https://conda.anaconda.org/conda-forge/win-64/typst-0.13.0-ha073cba_0.conda#c081083e160c80c00521871c9446495e
https://conda.anaconda.org/conda-forge/win-64/yaml-0.2.5-h6a83c73_3.conda#433699cba6602098ae8957a323da2664
https://conda.anaconda.org/conda-forge/win-64/yaml-cpp-0.8.0-he0c23c2_0.conda#9bb5064a9fca5ca8e7d7f1ae677354b6
https://conda.anaconda.org/conda-forge/win-64/zlib-ng-2.3.2-h0261ad2_1.conda#bc2fba648e1e784c549e20bbe1a8af40
https://conda.anaconda.org/conda-forge/win-64/deno-2.3.1-hf25ef54_0.conda#a71768884ddedb4d1816f8a08455ce44
https://conda.anaconda.org/conda-forge/win-64/khronos-opencl-icd-loader-2024.10.24-h2466b09_1.conda#71a72eb0eed16a4a76fd88359be48fec
https://conda.anaconda.org/conda-forge/win-64/krb5-1.21.3-hdf4eb48_0.conda#31aec030344e962fbd7dbbbbd68e60a9
https://conda.anaconda.org/conda-forge/win-64/libbrotlidec-1.2.0-hfd05255_1.conda#450e3ae947fc46b60f1d8f8f318b40d4
https://conda.anaconda.org/conda-forge/win-64/libbrotlienc-1.2.0-hfd05255_1.conda#ccd93cfa8e54fd9df4e83dbe55ff6e8c
https://conda.anaconda.org/conda-forge/win-64/libintl-0.22.5-h5728263_3.conda#2cf0cf76cc15d360dfa2f17fd6cf9772
https://conda.anaconda.org/conda-forge/win-64/libpng-1.6.53-h7351971_0.conda#fb6f43f6f08ca100cb24cff125ab0d9e
https://conda.anaconda.org/conda-forge/win-64/libsolv-0.7.35-h8883371_0.conda#987be7025314bcfe936de3f0e91082b5
https://conda.anaconda.org/conda-forge/win-64/libssh2-1.11.1-h9aa295b_0.conda#9dce2f112bfd3400f4f432b3d0ac07b2
https://conda.anaconda.org/conda-forge/win-64/libvorbis-1.3.7-h5112557_2.conda#42a8a56c60882da5d451aa95b8455111
https://conda.anaconda.org/conda-forge/win-64/libxml2-16-2.15.1-h06f855e_0.conda#4a5ea6ec2055ab0dfd09fd0c498f834a
https://conda.anaconda.org/conda-forge/win-64/pcre2-10.47-hd2b5f0e_0.conda#77eaf2336f3ae749e712f63e36b0f0a1
https://conda.anaconda.org/conda-forge/win-64/pthread-stubs-0.4-h0e40799_1002.conda#3c8f2573569bb816483e5cf57efbbe29
https://conda.anaconda.org/conda-forge/win-64/python-3.12.12-h0159041_1_cpython.conda#42ae551e4c15837a582bea63412dc0b4
https://conda.anaconda.org/conda-forge/win-64/reproc-cpp-14.2.5.post0-he0c23c2_0.conda#d2ce31fa746dddeb37f24f32da0969e9
https://conda.anaconda.org/conda-forge/win-64/xorg-libxau-1.0.12-hba3369d_1.conda#8436cab9a76015dfe7208d3c9f97c156
https://conda.anaconda.org/conda-forge/win-64/xorg-libxdmcp-1.1.5-hba3369d_1.conda#a7c03e38aa9c0e84d41881b9236eacfb
https://conda.anaconda.org/conda-forge/win-64/zstd-1.5.7-h534d264_6.conda#053b84beec00b71ea8ff7a4f84b55207
https://conda.anaconda.org/conda-forge/noarch/archspec-0.2.5-pyhd8ed1ab_0.conda#845b38297fca2f2d18a29748e2ece7fa
https://conda.anaconda.org/conda-forge/noarch/asttokens-3.0.1-pyhd8ed1ab_0.conda#9673a61a297b00016442e022d689faa6
https://conda.anaconda.org/conda-forge/noarch/attrs-25.4.0-pyhcf101f3_1.conda#537296d57ea995666c68c821b00e360b
https://conda.anaconda.org/conda-forge/win-64/backports.zstd-1.3.0-py312h06d0912_0.conda#2db2b356f08f19ce4309a79a9ee6b9d8
https://conda.anaconda.org/conda-forge/noarch/boltons-25.0.0-pyhd8ed1ab_0.conda#c7eb87af73750d6fd97eff8bbee8cb9c
https://conda.anaconda.org/conda-forge/win-64/brotli-bin-1.2.0-hfd05255_1.conda#6abd7089eb3f0c790235fe469558d190
https://conda.anaconda.org/conda-forge/win-64/brotli-python-1.2.0-py312hc6d9e41_1.conda#e8e7a6346a9e50d19b4daf41f367366f
https://conda.anaconda.org/conda-forge/noarch/cached_property-1.5.2-pyha770c72_1.tar.bz2#576d629e47797577ab0f1b351297ef4a
https://conda.anaconda.org/conda-forge/win-64/catalogue-2.0.10-py312h2e8e312_2.conda#281b5dd830f8d3f0b4fad21d876efde6
https://conda.anaconda.org/conda-forge/noarch/certifi-2025.11.12-pyhd8ed1ab_0.conda#96a02a5c1a65470a7e4eedb644c872fd
https://conda.anaconda.org/conda-forge/noarch/charset-normalizer-3.4.4-pyhd8ed1ab_0.conda#a22d1fd9bf98827e280a02875d9a007a
https://conda.anaconda.org/conda-forge/noarch/cloudpickle-3.1.2-pyhcf101f3_1.conda#61b8078a0905b12529abc622406cb62c
https://conda.anaconda.org/conda-forge/noarch/colorama-0.4.6-pyhd8ed1ab_1.conda#962b9857ee8e7018c22f2776ffa0b2d7
https://conda.anaconda.org/conda-forge/noarch/comm-0.2.3-pyhe01879c_0.conda#2da13f2b299d8e1995bafbbe9689a2f7
https://conda.anaconda.org/conda-forge/noarch/cpython-3.12.12-py312hd8ed1ab_1.conda#99d689ccc1a360639eec979fd7805be9
https://conda.anaconda.org/conda-forge/noarch/cycler-0.12.1-pyhcf101f3_2.conda#4c2a8fef270f6c69591889b93f9f55c1
https://conda.anaconda.org/conda-forge/win-64/cymem-2.0.13-py312hbb81ca0_0.conda#b29407fcdb6e81d95bf828f6f99ceed5
https://conda.anaconda.org/conda-forge/win-64/debugpy-1.8.19-py312ha1a9051_0.conda#1f0c0be0cf4893e17e71a023865c7230
https://conda.anaconda.org/conda-forge/noarch/decorator-5.2.1-pyhd8ed1ab_0.conda#9ce473d1d1be1cc3810856a48b3fab32
https://conda.anaconda.org/conda-forge/noarch/defusedxml-0.7.1-pyhd8ed1ab_0.tar.bz2#961b3a227b437d82ad7054484cfa71b2
https://conda.anaconda.org/conda-forge/win-64/deno-dom-0.1.41-h1a6af48_0.conda#84bc9003c48bf69d4663b00f692404cb
https://conda.anaconda.org/conda-forge/noarch/distro-1.9.0-pyhd8ed1ab_1.conda#0a2014fd9860f8b1eaa0b1f3d3771a08
https://conda.anaconda.org/conda-forge/noarch/executing-2.2.1-pyhd8ed1ab_0.conda#ff9efb7f7469aed3c4a8106ffa29593c
https://conda.anaconda.org/conda-forge/win-64/frozendict-2.4.7-py312he06e257_0.conda#0056e06ec49ff6544766b5f67a85eca5
https://conda.anaconda.org/conda-forge/noarch/hpack-4.1.0-pyhd8ed1ab_0.conda#0a802cb9888dd14eeefc611f05c40b6e
https://conda.anaconda.org/conda-forge/noarch/hyperframe-6.1.0-pyhd8ed1ab_0.conda#8e6923fc12f1fe8f8c4e5c9f343256ac
https://conda.anaconda.org/conda-forge/noarch/idna-3.11-pyhd8ed1ab_0.conda#53abe63df7e10a6ba605dc5f9f961d36
https://conda.anaconda.org/conda-forge/noarch/iniconfig-2.3.0-pyhd8ed1ab_0.conda#9614359868482abba1bd15ce465e3c42
https://conda.anaconda.org/conda-forge/noarch/json5-0.12.1-pyhd8ed1ab_0.conda#0fc93f473c31a2f85c0bde213e7c63ca
https://conda.anaconda.org/conda-forge/noarch/jsonpointer-3.0.0-pyhcf101f3_3.conda#cd2214824e36b0180141d422aba01938
https://conda.anaconda.org/conda-forge/win-64/kiwisolver-1.4.9-py312h78d62e6_2.conda#5dabe50380555cf2e89bd58173e88739
https://conda.anaconda.org/conda-forge/noarch/lark-1.3.1-pyhd8ed1ab_0.conda#9b965c999135d43a3d0f7bd7d024e26a
https://conda.anaconda.org/conda-forge/win-64/libboost-1.88.0-h9dfe17d_7.conda#e13bc25d81b0132a0c51eb5cc179b0e9
https://conda.anaconda.org/conda-forge/win-64/libclang13-21.1.7-default_ha2db4b5_3.conda#9ff0d8534c2a24abbe8f7ca8144147b1
https://conda.anaconda.org/conda-forge/win-64/libcurl-8.17.0-h43ecb02_1.conda#c02248f96a0073904bb085a437143895
https://conda.anaconda.org/conda-forge/win-64/libfreetype6-2.14.1-hdbac1cb_0.conda#6e7c5c5ab485057b5d07fd8188ba5c28
https://conda.anaconda.org/conda-forge/win-64/libglib-2.86.3-h0c9aed9_0.conda#c2d5b6b790ef21abac0b5331094ccb56
https://conda.anaconda.org/conda-forge/win-64/libintl-devel-0.22.5-h5728263_3.conda#7537784e9e35399234d4007f45cdb744
https://conda.anaconda.org/conda-forge/win-64/libtiff-4.7.1-h8f73337_1.conda#549845d5133100142452812feb9ba2e8
https://conda.anaconda.org/conda-forge/win-64/libxcb-1.17.0-h0e4246c_0.conda#a69bbf778a462da324489976c84cfc8c
https://conda.anaconda.org/conda-forge/win-64/libxml2-2.15.1-ha29bfb0_0.conda#87116b9de9c1825c3fd4ef92c984877b
https://conda.anaconda.org/conda-forge/win-64/markupsafe-3.0.3-py312h05f76fc_0.conda#9a50d5e7b4f2bf5db9790bbe9421cdf8
https://conda.anaconda.org/conda-forge/noarch/mdurl-0.1.2-pyhd8ed1ab_1.conda#592132998493b3ff25fd7479396e8351
https://conda.anaconda.org/conda-forge/win-64/menuinst-2.4.2-py312hbb81ca0_0.conda#c32b8f3048c9a279f21c644446d3f40c
https://conda.anaconda.org/conda-forge/win-64/msgpack-python-1.1.2-py312hf90b1b7_1.conda#3272249c8d0f9cb7693e189611b9943f
https://conda.anaconda.org/conda-forge/noarch/munkres-1.1.4-pyhd8ed1ab_1.conda#37293a85a0f4f77bbd9cf7aaefc62609
https://conda.anaconda.org/conda-forge/win-64/murmurhash-1.0.15-py312ha1a9051_0.conda#049cd1697939ae9a680e3aff5f0edf0b
https://conda.anaconda.org/conda-forge/noarch/mypy_extensions-1.1.0-pyha770c72_0.conda#e9c622e0d00fa24a6292279af3ab6d06
https://conda.anaconda.org/conda-forge/noarch/narwhals-2.14.0-pyhcf101f3_0.conda#2708dffa2a43a303f5f9cb020fedb6ab
https://conda.anaconda.org/conda-forge/noarch/nest-asyncio-1.6.0-pyhd8ed1ab_1.conda#598fd7d4d0de2455fb74f56063969a97
https://conda.anaconda.org/conda-forge/noarch/packaging-25.0-pyh29332c3_1.conda#58335b26c38bf4a20f399384c33cbcf9
https://conda.anaconda.org/conda-forge/noarch/pandocfilters-1.5.0-pyhd8ed1ab_0.tar.bz2#457c2c8c08e54905d6954e79cb5b5db9
https://conda.anaconda.org/conda-forge/noarch/parso-0.8.5-pyhcf101f3_0.conda#a110716cdb11cf51482ff4000dc253d7
https://conda.anaconda.org/conda-forge/noarch/pathspec-0.12.1-pyhd8ed1ab_1.conda#617f15191456cc6a13db418a275435e5
https://conda.anaconda.org/conda-forge/noarch/platformdirs-4.5.1-pyhcf101f3_0.conda#1bd2e65c8c7ef24f4639ae6e850dacc2
https://conda.anaconda.org/conda-forge/noarch/pluggy-1.6.0-pyhf9edf01_1.conda#d7585b6550ad04c8c5e21097ada2888e
https://conda.anaconda.org/conda-forge/noarch/ply-3.11-pyhd8ed1ab_3.conda#fd5062942bfa1b0bd5e0d2a4397b099e
https://conda.anaconda.org/conda-forge/noarch/prometheus_client-0.23.1-pyhd8ed1ab_0.conda#a1e91db2d17fd258c64921cb38e6745a
https://conda.anaconda.org/conda-forge/win-64/protobuf-6.32.1-py312hcb3287e_2.conda#ae98bb5ed73cec758ca7e8bd1a516edd
https://conda.anaconda.org/conda-forge/win-64/psutil-7.2.1-py312he5662c2_0.conda#42ac55610af0bf0ae2a55c0f019c9e84
https://conda.anaconda.org/conda-forge/noarch/pure_eval-0.2.3-pyhd8ed1ab_1.conda#3bfdfb8dbcdc4af1ae3f9a8eb3948f04
https://conda.anaconda.org/conda-forge/win-64/pycosat-0.6.6-py312he06e257_3.conda#5cce886803814683a038c5a7bbef28e0
https://conda.anaconda.org/conda-forge/noarch/pycparser-2.22-pyh29332c3_1.conda#12c566707c80111f9799308d9e265aef
https://conda.anaconda.org/conda-forge/noarch/pygments-2.19.2-pyhd8ed1ab_0.conda#6b6ece66ebcae2d5f326c77ef2c5a066
https://conda.anaconda.org/conda-forge/noarch/pyparsing-3.3.1-pyhcf101f3_0.conda#d837065e4e0de4962c3462079c23f969
https://conda.anaconda.org/conda-forge/noarch/python-fastjsonschema-2.21.2-pyhe01879c_0.conda#23029aae904a2ba587daba708208012f
https://conda.anaconda.org/conda-forge/noarch/python-json-logger-2.0.7-pyhd8ed1ab_0.conda#a61bf9ec79426938ff785eb69dbb1960
https://conda.anaconda.org/conda-forge/win-64/python-librt-0.7.5-py312he5662c2_0.conda#09323b527ade35317c4801b1f8ec719c
https://conda.anaconda.org/conda-forge/noarch/python-tzdata-2025.3-pyhd8ed1ab_0.conda#7ead57407430ba33f681738905278d03
https://conda.anaconda.org/conda-forge/noarch/pytokens-0.3.0-pyhcf101f3_0.conda#4b1812cb7a8143ee00aef43831fb0d29
https://conda.anaconda.org/conda-forge/noarch/pytz-2025.2-pyhd8ed1ab_0.conda#bc8e3267d44011051f2eb14d22fb0960
https://conda.anaconda.org/conda-forge/win-64/pywin32-311-py312h829343e_1.conda#64cbe4ecbebe185a2261d3f298a60cde
https://conda.anaconda.org/conda-forge/win-64/pywinpty-2.0.15-py312h275cf98_1.conda#66255d136bd0daa41713a334db41d9f0
https://conda.anaconda.org/conda-forge/win-64/pyyaml-6.0.3-py312h05f76fc_0.conda#4a68f80fbf85499f093101cc17ffbab7
https://conda.anaconda.org/conda-forge/win-64/regex-2025.11.3-py312he06e257_1.conda#ae62c58284a493c56c6cccd4d5b902c1
https://conda.anaconda.org/conda-forge/noarch/rfc3986-validator-0.1.1-pyh9f0ad1d_0.tar.bz2#912a71cc01012ee38e6b90ddd561e36f
https://conda.anaconda.org/conda-forge/win-64/rpds-py-0.30.0-py312hdabe01f_0.conda#2c51baeda0a355b0a5e7b6acb28cf02d
https://conda.anaconda.org/conda-forge/win-64/ruamel.yaml.clib-0.2.15-py312he5662c2_1.conda#cc0977464335ea5c2e5ee3d00458e0c2
https://conda.anaconda.org/conda-forge/noarch/setuptools-80.9.0-pyhff2d567_0.conda#4de79c071274a53dcaf2a8c749d1499e
https://conda.anaconda.org/conda-forge/noarch/shellingham-1.5.4-pyhd8ed1ab_2.conda#83ea3a2ddb7a75c1b09cea582aa4f106
https://conda.anaconda.org/conda-forge/noarch/six-1.17.0-pyhe01879c_1.conda#3339e3b65d58accf4ca4fb8748ab16b3
https://conda.anaconda.org/conda-forge/noarch/sniffio-1.3.1-pyhd8ed1ab_2.conda#03fe290994c5e4ec17293cfb6bdce520
https://conda.anaconda.org/conda-forge/noarch/soupsieve-2.8.1-pyhd8ed1ab_0.conda#7de28c27fe620a4f7dbfaea137c6232b
https://conda.anaconda.org/conda-forge/noarch/spacy-legacy-3.0.12-pyhd8ed1ab_0.conda#bbe68ced56ea855f0223c329f1fd2fc0
https://conda.anaconda.org/conda-forge/noarch/spacy-loggers-1.0.5-pyhd8ed1ab_0.conda#017fa97ac8c29416983dc9e67b27f6c8
https://conda.anaconda.org/conda-forge/noarch/tabulate-0.9.0-pyhcf101f3_3.conda#de98449f11d48d4b52eefb354e2bfe35
https://conda.anaconda.org/conda-forge/noarch/text-unidecode-1.3-pyhd8ed1ab_2.conda#23b4ba5619c4752976eb7ba1f5acb7e8
https://conda.anaconda.org/conda-forge/noarch/threadpoolctl-3.6.0-pyhecae5ae_0.conda#9d64911b31d57ca443e9f1e36b04385f
https://conda.anaconda.org/conda-forge/noarch/toml-0.10.2-pyhcf101f3_3.conda#d0fc809fa4c4d85e959ce4ab6e1de800
https://conda.anaconda.org/conda-forge/noarch/tomli-2.3.0-pyhcf101f3_0.conda#d2732eb636c264dc9aa4cbee404b1a53
https://conda.anaconda.org/conda-forge/win-64/tornado-6.5.4-py312he06e257_0.conda#4109bfc75570fe3fd08e2b879d2f76bc
https://conda.anaconda.org/conda-forge/noarch/traitlets-5.14.3-pyhd8ed1ab_1.conda#019a7385be9af33791c989871317e1ed
https://conda.anaconda.org/conda-forge/noarch/truststore-0.10.4-pyhcf101f3_0.conda#c2db35b004913ec69bcac64fb0783de0
https://conda.anaconda.org/conda-forge/noarch/typing_extensions-4.15.0-pyhcf101f3_0.conda#0caa1af407ecff61170c9437a808404d
https://conda.anaconda.org/conda-forge/noarch/typing_utils-0.1.0-pyhd8ed1ab_1.conda#f6d7aa696c67756a650e91e15e88223c
https://conda.anaconda.org/conda-forge/win-64/ujson-5.11.0-py312ha1a9051_1.conda#7fe9ccb19a96d6ae1c2296d6dd4b0dca
https://conda.anaconda.org/conda-forge/win-64/unicodedata2-17.0.0-py312he06e257_1.conda#2e4fbe70f86b42b01228cdbcc4b52351
https://conda.anaconda.org/conda-forge/noarch/uri-template-1.3.0-pyhd8ed1ab_1.conda#e7cb0f5745e4c5035a460248334af7eb
https://conda.anaconda.org/conda-forge/win-64/vl-convert-python-1.9.0-py312hf6fa6af_0.conda#397f7ee6595137f9413fcf11d1b066f7
https://conda.anaconda.org/conda-forge/noarch/wasabi-1.1.3-pyhd8ed1ab_1.conda#fa76741f59d973f2e07d810ee124cb25
https://conda.anaconda.org/conda-forge/noarch/wcwidth-0.2.14-pyhd8ed1ab_0.conda#7e1e5ff31239f9cd5855714df8a3783d
https://conda.anaconda.org/conda-forge/noarch/webcolors-25.10.0-pyhd8ed1ab_0.conda#6639b6b0d8b5a284f027a2003669aa65
https://conda.anaconda.org/conda-forge/noarch/webencodings-0.5.1-pyhd8ed1ab_3.conda#2841eb5bfc75ce15e9a0054b98dcd64d
https://conda.anaconda.org/conda-forge/noarch/websocket-client-1.9.0-pyhd8ed1ab_0.conda#2f1ed718fcd829c184a6d4f0f2e07409
https://conda.anaconda.org/conda-forge/noarch/wheel-0.45.1-pyhd8ed1ab_1.conda#75cb7132eb58d97896e173ef12ac9986
https://conda.anaconda.org/conda-forge/noarch/win_inet_pton-1.1.0-pyh7428d3b_8.conda#46e441ba871f524e2b067929da3051c2
https://conda.anaconda.org/conda-forge/win-64/wrapt-2.0.1-py312he06e257_1.conda#3bc504b608413750156d62ce84255a87
https://conda.anaconda.org/conda-forge/win-64/zeromq-4.3.5-h5bddc39_9.conda#a6c8f8ee856f7c3c1576e14b86cd8038
https://conda.anaconda.org/conda-forge/noarch/zipp-3.23.0-pyhcf101f3_1.conda#30cd29cb87d819caead4d55184c1d115
https://conda.anaconda.org/conda-forge/noarch/async-lru-2.0.5-pyh29332c3_0.conda#d9d0f99095a9bb7e3641bca8c6ad2ac7
https://conda.anaconda.org/conda-forge/noarch/babel-2.17.0-pyhd8ed1ab_0.conda#0a01c169f0ab0f91b26e77a3301fbfe4
https://conda.anaconda.org/conda-forge/noarch/bleach-6.3.0-pyhcf101f3_0.conda#b1a27250d70881943cca0dd6b4ba0956
https://conda.anaconda.org/conda-forge/win-64/brotli-1.2.0-h2d644bc_1.conda#bc58fdbced45bb096364de0fba1637af
https://conda.anaconda.org/conda-forge/noarch/cached-property-1.5.2-hd8ed1ab_1.tar.bz2#9b347a7ec10940d3f7941ff6c460b551
https://conda.anaconda.org/conda-forge/win-64/cffi-2.0.0-py312he06e257_1.conda#46f7dccfee37a52a97c0ed6f33fcf0a3
https://conda.anaconda.org/conda-forge/noarch/click-8.1.8-pyh7428d3b_0.conda#90e5571556f7a45db92ee51cb8f97af6
https://conda.anaconda.org/conda-forge/noarch/cloudpathlib-0.23.0-pyhd8ed1ab_0.conda#fa372d1e52f3247f758cdbd517a4047d
https://conda.anaconda.org/conda-forge/win-64/coverage-7.13.1-py312h05f76fc_0.conda#a0f9698c7e9a2ba93218b65aaff9dcb9
https://conda.anaconda.org/conda-forge/noarch/exceptiongroup-1.3.1-pyhd8ed1ab_0.conda#8e662bd460bda79b1ea39194e3c4c9ab
https://conda.anaconda.org/conda-forge/win-64/glib-tools-2.86.3-he647baa_0.conda#5644653839beb5c3ca15454f362cd9e5
https://conda.anaconda.org/conda-forge/win-64/gts-0.7.6-h6b5321d_4.conda#a41f14768d5e377426ad60c613f2923b
https://conda.anaconda.org/conda-forge/noarch/h11-0.16.0-pyhd8ed1ab_0.conda#4b69232755285701bc86a5afe4d9933a
https://conda.anaconda.org/conda-forge/noarch/h2-4.3.0-pyhcf101f3_0.conda#164fc43f0b53b6e3a7bc7dce5e4f1dc9
https://conda.anaconda.org/conda-forge/noarch/importlib-metadata-8.7.0-pyhe01879c_1.conda#63ccfdc3a3ce25b027b8767eb722fca8
https://conda.anaconda.org/conda-forge/noarch/importlib_resources-6.5.2-pyhd8ed1ab_0.conda#c85c76dc67d75619a92f51dfbce06992
https://conda.anaconda.org/conda-forge/noarch/ipython_pygments_lexers-1.1.1-pyhd8ed1ab_0.conda#bd80ba060603cc228d9d81c257093119
https://conda.anaconda.org/conda-forge/noarch/jedi-0.19.2-pyhd8ed1ab_1.conda#a4f4c5dc9b80bc50e0d3dc4e6e8f1bd9
https://conda.anaconda.org/conda-forge/noarch/jinja2-3.1.6-pyhcf101f3_1.conda#04558c96691bed63104678757beb4f8d
https://conda.anaconda.org/conda-forge/noarch/joblib-1.5.3-pyhd8ed1ab_0.conda#615de2a4d97af50c350e5cf160149e77
https://conda.anaconda.org/conda-forge/noarch/jsonpatch-1.33-pyhd8ed1ab_1.conda#cb60ae9cf02b9fcb8004dec4089e5691
https://conda.anaconda.org/conda-forge/noarch/jupyter_core-5.9.1-pyh6dadd2b_0.conda#a8db462b01221e9f5135be466faeb3e0
https://conda.anaconda.org/conda-forge/noarch/jupyterlab_pygments-0.3.0-pyhd8ed1ab_2.conda#fd312693df06da3578383232528c468d
https://conda.anaconda.org/conda-forge/win-64/lcms2-2.17-hbcf6048_0.conda#3538827f77b82a837fa681a4579e37a1
https://conda.anaconda.org/conda-forge/win-64/libarchive-3.8.2-gpl_h26aea39_100.conda#ce09b133aaadd32f18a809260ac5c2c8
https://conda.anaconda.org/conda-forge/win-64/libfreetype-2.14.1-h57928b3_0.conda#3235024fe48d4087721797ebd6c9d28c
https://conda.anaconda.org/conda-forge/win-64/libhwloc-2.12.1-default_h4379cf1_1003.conda#d1699ce4fe195a9f61264a1c29b87035
https://conda.anaconda.org/conda-forge/win-64/liblightgbm-4.6.0-cpu_h5d2ca61_6.conda#eee5ae0961f107f3d4757676689533e9
https://conda.anaconda.org/conda-forge/noarch/markdown-it-py-4.0.0-pyhd8ed1ab_0.conda#5b5203189eb668f042ac2b0826244964
https://conda.anaconda.org/conda-forge/noarch/matplotlib-inline-0.2.1-pyhd8ed1ab_0.conda#00e120ce3e40bad7bfc78861ce3c4a25
https://conda.anaconda.org/conda-forge/noarch/mistune-3.2.0-pyhcf101f3_0.conda#b11e360fc4de2b0035fc8aaa74f17fd6
https://conda.anaconda.org/conda-forge/win-64/mypy-1.19.1-py312he06e257_0.conda#b5f967a5c55555f21033f394151f3d91
https://conda.anaconda.org/conda-forge/win-64/openjpeg-2.5.4-h24db6dd_0.conda#5af852046226bb3cb15c7f61c2ac020a
https://conda.anaconda.org/conda-forge/noarch/overrides-7.7.0-pyhd8ed1ab_1.conda#e51f1e4089cad105b6cac64bd8166587
https://conda.anaconda.org/conda-forge/noarch/pip-25.3-pyh8b19718_0.conda#c55515ca43c6444d2572e0f0d93cb6b9
https://conda.anaconda.org/conda-forge/win-64/preshed-3.0.12-py312hbb81ca0_0.conda#5c2195af353b08221ab99c7f126ac455
https://conda.anaconda.org/conda-forge/noarch/prompt-toolkit-3.0.52-pyha770c72_0.conda#edb16f14d920fb3faf17f5ce582942d6
https://conda.anaconda.org/conda-forge/noarch/pysocks-1.7.1-pyh09c184e_7.conda#e2fd202833c4a981ce8a65974fe4abd1
https://conda.anaconda.org/conda-forge/noarch/python-dateutil-2.9.0.post0-pyhe01879c_2.conda#5b8d21249ff20967101ffa321cab24e8
https://conda.anaconda.org/conda-forge/noarch/python-gil-3.12.12-hd8ed1ab_1.conda#c20172b4c59fbe288fa50cdc1b693d73
https://conda.anaconda.org/conda-forge/noarch/python-slugify-8.0.4-pyhd8ed1ab_1.conda#a4059bc12930bddeb41aef71537ffaed
https://conda.anaconda.org/conda-forge/win-64/quarto-1.8.26-hfeaa22a_0.conda#1b23d148212b823a1cb38b320c207349
https://conda.anaconda.org/conda-forge/noarch/referencing-0.37.0-pyhcf101f3_0.conda#870293df500ca7e18bedefa5838a22ab
https://conda.anaconda.org/conda-forge/noarch/rfc3339-validator-0.1.4-pyhd8ed1ab_1.conda#36de09a8d3e5d5e6f4ee63af49e59706
https://conda.anaconda.org/conda-forge/noarch/rfc3987-syntax-1.1.0-pyhe01879c_1.conda#7234f99325263a5af6d4cd195035e8f2
https://conda.anaconda.org/conda-forge/win-64/ruamel.yaml-0.18.17-py312he5662c2_2.conda#14ccfad15f0ba99ee12f9f4a1614d249
https://conda.anaconda.org/conda-forge/noarch/send2trash-2.0.0-pyh6dadd2b_0.conda#40df72e963d80a403c1861ae9428b13c
https://conda.anaconda.org/conda-forge/win-64/sip-6.10.0-py312hbb81ca0_1.conda#87bef134b0da66f55a6dad141ce852c2
https://conda.anaconda.org/conda-forge/noarch/smart_open-7.5.0-pyhcf101f3_0.conda#9d1659c8332e9822e347e115e6bb4d0c
https://conda.anaconda.org/conda-forge/win-64/srsly-2.5.2-py312hbb81ca0_0.conda#f4b27c4d071d4f161d671ee20c634c79
https://conda.anaconda.org/conda-forge/noarch/stack_data-0.6.3-pyhd8ed1ab_1.conda#b1b505328da7a6b246787df4b5a49fbc
https://conda.anaconda.org/conda-forge/noarch/terminado-0.18.1-pyh6dadd2b_1.conda#e43ca10d61e55d0a8ec5d8c62474ec9e
https://conda.anaconda.org/conda-forge/noarch/tinycss2-1.5.1-pyhcf101f3_0.conda#c0d0b883e97906f7524e2aac94be0e0d
https://conda.anaconda.org/conda-forge/noarch/tqdm-4.67.1-pyhd8ed1ab_1.conda#9efbfdc37242619130ea42b1cc4ed861
https://conda.anaconda.org/conda-forge/noarch/typing-extensions-4.15.0-h396c80c_0.conda#edd329d7d3a4ab45dcf905899a7a6115
https://conda.anaconda.org/conda-forge/noarch/typing-inspection-0.4.2-pyhd8ed1ab_1.conda#a0a4a3035667fc34f29bfbd5c190baa6
https://conda.anaconda.org/conda-forge/win-64/xorg-libx11-1.8.12-hf48077a_0.conda#c4f435ac09fd41606bba9f0deb12e412
https://conda.anaconda.org/conda-forge/noarch/_python_abi3_support-1.0-hd8ed1ab_2.conda#aaa2a381ccc56eac91d63b6c1240312f
https://conda.anaconda.org/conda-forge/noarch/annotated-types-0.7.0-pyhd8ed1ab_1.conda#2934f256a8acfe48f6ebb4fce6cde29c
https://conda.anaconda.org/conda-forge/noarch/anyio-4.12.0-pyhcf101f3_0.conda#9958d4a1ee7e9c768fe8f4fb51bd07ea
https://conda.anaconda.org/conda-forge/win-64/argon2-cffi-bindings-25.1.0-py312he06e257_2.conda#5dc3781bbc4ddce0bf250a04c1a192c2
https://conda.anaconda.org/conda-forge/noarch/arrow-1.4.0-pyhcf101f3_0.conda#85c4f19f377424eafc4ed7911b291642
https://conda.anaconda.org/conda-forge/noarch/beautifulsoup4-4.14.3-pyha770c72_0.conda#5267bef8efea4127aacd1f4e1f149b6e
https://conda.anaconda.org/conda-forge/noarch/black-25.12.0-pyh866005b_0.conda#7b658ed81f14384c83f4c4f01959fdc2
https://conda.anaconda.org/conda-forge/noarch/bleach-with-css-6.3.0-h5f6438b_0.conda#08a03378bc5293c6f97637323802f480
https://conda.anaconda.org/conda-forge/win-64/fonttools-4.61.1-py312h05f76fc_0.conda#449a1487319070f736382d2b53bb5aec
https://conda.anaconda.org/conda-forge/noarch/fqdn-1.5.1-pyhd8ed1ab_1.conda#d3549fd50d450b6d9e7dddff25dd2110
https://conda.anaconda.org/conda-forge/win-64/freetype-2.14.1-h57928b3_0.conda#d69c21967f35eb2ce7f1f85d6b6022d3
https://conda.anaconda.org/conda-forge/win-64/glib-2.86.3-h19e2e61_0.conda#bc4a85e794d3311517d6fec3017eaf2a
https://conda.anaconda.org/conda-forge/noarch/ipython-9.8.0-pyhe2676ad_0.conda#1bc380b3fd0ea85afdfe0aba5b6b7398
https://conda.anaconda.org/conda-forge/noarch/jsonschema-specifications-2025.9.1-pyhcf101f3_0.conda#439cd0f567d697b20a8f45cb70a1005a
https://conda.anaconda.org/conda-forge/noarch/jupyter_server_terminals-0.5.3-pyhd8ed1ab_1.conda#2d983ff1b82a1ccb6f2e9d8784bdd6bd
https://conda.anaconda.org/conda-forge/win-64/libmamba-2.4.0-h3f46830_1.conda#dbedb8f99d896e541993546adee9177f
https://conda.anaconda.org/conda-forge/noarch/nltk-3.9.2-pyhcf101f3_1.conda#0dc14490fe2a7788902dfb9378911837
https://conda.anaconda.org/conda-forge/win-64/pillow-12.0.0-py312h31f0997_2.conda#4155ddcc60faad07fb2a5b3b988b3741
https://conda.anaconda.org/conda-forge/win-64/pydantic-core-2.41.5-py312hdabe01f_1.conda#2e338a10e31828590cf031076bb143b6
https://conda.anaconda.org/conda-forge/win-64/pyqt5-sip-12.17.0-py312hbb81ca0_2.conda#7f08e313869ade269e3c7ad1329d4608
https://conda.anaconda.org/conda-forge/noarch/pytest-8.3.5-pyhd8ed1ab_0.conda#c3c9316209dec74a705a36797970c6be
https://conda.anaconda.org/conda-forge/noarch/rich-14.2.0-pyhcf101f3_0.conda#a247579d8a59931091b16a1e932bbed6
https://conda.anaconda.org/conda-forge/noarch/smart-open-7.5.0-h0f9f196_0.conda#6ef36c6a6ce87cc57cf0094abfa3d35b
https://conda.anaconda.org/conda-forge/win-64/tbb-2022.3.0-hd094cb3_1.conda#17c38aaf14c640b85c4617ccb59c1146
https://conda.anaconda.org/conda-forge/noarch/typer-slim-0.21.0-pyhcf101f3_0.conda#1bf7599d9f131a06288a2173284b1e4f
https://conda.anaconda.org/conda-forge/noarch/urllib3-2.6.2-pyhd8ed1ab_0.conda#4949ca7b83065cfe94ebe320aece8c72
https://conda.anaconda.org/conda-forge/win-64/xorg-libice-1.1.2-h0e40799_0.conda#105cb93a47df9c548e88048dc9cbdbc9
https://conda.anaconda.org/conda-forge/win-64/xorg-libxext-1.3.6-h0e40799_0.conda#4cd74e74f063fb6900d6eed2e9288112
https://conda.anaconda.org/conda-forge/win-64/zstandard-0.25.0-py312he5662c2_1.conda#e9e25949b682e95535068bae33153ba6
https://conda.anaconda.org/conda-forge/noarch/argon2-cffi-25.1.0-pyhd8ed1ab_0.conda#8ac12aff0860280ee0cff7fa2cf63f3b
https://conda.anaconda.org/conda-forge/noarch/conda-package-streaming-0.12.0-pyhd8ed1ab_0.conda#ff75d06af779966a5aeae1be1d409b96
https://conda.anaconda.org/conda-forge/win-64/fontconfig-2.15.0-h765892d_1.conda#9bb0026a2131b09404c59c4290c697cd
https://conda.anaconda.org/conda-forge/win-64/gstreamer-1.24.11-h233a61a_0.conda#879e92327aea553145c760e5939f1493
https://conda.anaconda.org/conda-forge/noarch/httpcore-1.0.9-pyh29332c3_0.conda#4f14640d58e2cc0aa0819d9d8ba125bb
https://conda.anaconda.org/conda-forge/noarch/isoduration-20.11.0-pyhd8ed1ab_1.conda#0b0154421989637d424ccf0f104be51a
https://conda.anaconda.org/conda-forge/noarch/jsonschema-4.25.1-pyhe01879c_0.conda#341fd940c242cf33e832c0402face56f
https://conda.anaconda.org/conda-forge/win-64/libmambapy-2.4.0-py312h6891394_1.conda#86e1a103a60bf7dac90332df81254942
https://conda.anaconda.org/conda-forge/win-64/mamba-2.4.0-h794742e_1.conda#0ccb4ccb2fb1224c0464450fde3e0df3
https://conda.anaconda.org/conda-forge/win-64/mkl-2025.3.0-hac47afa_454.conda#c83ec81713512467dfe1b496a8292544
https://conda.anaconda.org/conda-forge/noarch/pydantic-2.12.5-pyhcf101f3_1.conda#c3946ed24acdb28db1b5d63321dbca7d
https://conda.anaconda.org/conda-forge/noarch/pytest-cov-6.0.0-pyhd8ed1ab_1.conda#79963c319d1be62c8fd3e34555816e01
https://conda.anaconda.org/conda-forge/win-64/pyzmq-27.1.0-py312hbb5da91_0.conda#808d263ec97bbd93b41ca01552b5fbd4
https://conda.anaconda.org/conda-forge/noarch/requests-2.32.5-pyhcf101f3_1.conda#c65df89a0b2e321045a9e01d1337b182
https://conda.anaconda.org/conda-forge/noarch/typer-slim-standard-0.21.0-hd63da06_0.conda#b9b9911609c8371886a79e8fdccaff0f
https://conda.anaconda.org/conda-forge/noarch/types-requests-2.32.4.20250913-pyhd8ed1ab_1.conda#acf910a5fecf3efd691092b7bec2e816
https://conda.anaconda.org/conda-forge/win-64/xorg-libsm-1.2.6-h0e40799_0.conda#570c9a6d9b4909e45d49e9a5daa528de
https://conda.anaconda.org/conda-forge/noarch/altair-5.4.1-pyhd8ed1ab_3.conda#1023b24b9c859bf5d9223a202d7e58b9
https://conda.anaconda.org/conda-forge/win-64/cairo-1.18.4-h5782bbf_0.conda#20e32ced54300292aff690a69c5e7b97
https://conda.anaconda.org/conda-forge/noarch/conda-package-handling-2.4.0-pyh7900ff3_2.conda#32c158f481b4fd7630c565030f7bc482
https://conda.anaconda.org/conda-forge/noarch/confection-0.1.5-pyhecae5ae_0.conda#cb7c903ea9e763e1e026d8633ae81964
https://conda.anaconda.org/conda-forge/win-64/gst-plugins-base-1.24.11-h3fe0a9e_0.conda#da29d9c5bce532d29b35867f037f0722
https://conda.anaconda.org/conda-forge/noarch/httpx-0.28.1-pyhd8ed1ab_0.conda#d6989ead454181f4f9bc987d3dc4e285
https://conda.anaconda.org/conda-forge/noarch/jsonschema-with-format-nongpl-4.25.1-he01879c_0.conda#13e31c573c884962318a738405ca3487
https://conda.anaconda.org/conda-forge/noarch/jupyter_client-8.7.0-pyhcf101f3_0.conda#1b0397a7b1fbffa031feb690b5fd0277
https://conda.anaconda.org/conda-forge/noarch/kagglesdk-0.1.14-pyhcf101f3_0.conda#53545c17cc5b100afff1f7ab9756fb66
https://conda.anaconda.org/conda-forge/win-64/libblas-3.11.0-5_hf2e6a31_mkl.conda#f9decf88743af85c9c9e05556a4c47c0
https://conda.anaconda.org/conda-forge/noarch/nbformat-5.10.4-pyhd8ed1ab_1.conda#bbe1963f1e47f594070ffe87cdf612ea
https://conda.anaconda.org/conda-forge/noarch/typer-0.21.0-pyhbb89825_0.conda#053a45ad64fe08064eff395e4532673f
https://conda.anaconda.org/conda-forge/noarch/types-tqdm-4.67.0.20250809-pyhd8ed1ab_0.conda#b21e9600b30c5dd4a4855d98889d9c73
https://conda.anaconda.org/conda-forge/win-64/xorg-libxt-1.3.1-h0e40799_0.conda#31baf0ce8ef19f5617be73aee0527618
https://conda.anaconda.org/conda-forge/win-64/harfbuzz-12.2.0-h5f2951f_0.conda#e798ef748fc564e42f381d3d276850f0
https://conda.anaconda.org/conda-forge/noarch/ipykernel-7.1.0-pyh6dadd2b_0.conda#f22cb16c5ad68fd33d0f65c8739b6a06
https://conda.anaconda.org/conda-forge/noarch/jupyter_events-0.12.0-pyh29332c3_0.conda#f56000b36f09ab7533877e695e4e8cb0
https://conda.anaconda.org/conda-forge/noarch/kaggle-1.8.3-pyhcf101f3_0.conda#6399c9f01666c625ebe886c07b606edd
https://conda.anaconda.org/conda-forge/win-64/libcblas-3.11.0-5_h2a3cdd5_mkl.conda#b3fa8e8b55310ba8ef0060103afb02b5
https://conda.anaconda.org/conda-forge/win-64/liblapack-3.11.0-5_hf9ab0e9_mkl.conda#e62c42a4196dee97d20400612afcb2b1
https://conda.anaconda.org/conda-forge/noarch/nbclient-0.10.4-pyhd8ed1ab_0.conda#00f5b8dafa842e0c27c1cd7296aa4875
https://conda.anaconda.org/conda-forge/win-64/qt-main-5.15.15-hb098fff_6.conda#1152cdcffef46d1ae299a1a814527624
https://conda.anaconda.org/conda-forge/noarch/weasel-0.4.3-pyhd8ed1ab_0.conda#86102837379dce9cbe670da42e60d4b2
https://conda.anaconda.org/conda-forge/win-64/xorg-libxpm-3.5.17-h0e40799_1.conda#e8b816fb37bc61aa3f1c08034331ef53
https://conda.anaconda.org/conda-forge/win-64/libgd-2.3.3-h7208af6_11.conda#2070a706123b2d5e060b226a00e96488
https://conda.anaconda.org/conda-forge/noarch/nbconvert-core-7.16.6-pyhcf101f3_1.conda#cfc86ccc3b1de35d36ccaae4c50391f5
https://conda.anaconda.org/conda-forge/win-64/numpy-2.4.0-py312ha72d056_0.conda#f2bd62703204080cfb22fb5e67930490
https://conda.anaconda.org/conda-forge/win-64/pango-1.56.4-h03d888a_0.conda#452d6d3b409edead3bd90fc6317cd6d4
https://conda.anaconda.org/conda-forge/win-64/pyqt-5.15.11-py312h7eb3e20_2.conda#799cdb70f231807e5b21ca9863d87d7c
https://conda.anaconda.org/conda-forge/win-64/contourpy-1.3.3-py312hf90b1b7_3.conda#9dabe26ca46b845b669408109975b922
https://conda.anaconda.org/conda-forge/win-64/cython-blis-1.3.3-py312h196c9fc_0.conda#847e2e419277e6d3ab1eed7b8e91e09d
https://conda.anaconda.org/conda-forge/win-64/graphviz-14.0.5-h4c50273_0.conda#4d6a9c7b6dd35211f03be7f32fc3ea39
https://conda.anaconda.org/conda-forge/noarch/jupyter_server-2.17.0-pyhcf101f3_0.conda#d79a87dcfa726bcea8e61275feed6f83
https://conda.anaconda.org/conda-forge/win-64/pandas-2.2.3-py312h72972c8_3.conda#08b4650b022c9f3233d45f231fb9471f
https://conda.anaconda.org/conda-forge/win-64/scipy-1.16.3-py312h9b3c559_2.conda#d6ef9dade2ca0a46dad8443566af7447
https://conda.anaconda.org/conda-forge/noarch/jupyter-lsp-2.3.0-pyhcf101f3_0.conda#62b7c96c6cd77f8173cc5cada6a9acaa
https://conda.anaconda.org/conda-forge/noarch/jupyterlab_server-2.28.0-pyhcf101f3_0.conda#a63877cb23de826b1620d3adfccc4014
https://conda.anaconda.org/conda-forge/noarch/lightgbm-4.6.0-cpu_py_6.conda#4a80005966212a5cd8ce200c89d05c50
https://conda.anaconda.org/conda-forge/win-64/matplotlib-base-3.8.4-py312hfee7060_2.conda#6b623fa66ac3cd1601da60160c46514b
https://conda.anaconda.org/conda-forge/noarch/notebook-shim-0.2.4-pyhd8ed1ab_1.conda#e7f89ea5f7ea9401642758ff50a2d9c1
https://conda.anaconda.org/conda-forge/noarch/python-graphviz-0.21-pyhbacfb6d_0.conda#606d94da4566aa177df7615d68b29176
https://conda.anaconda.org/conda-forge/win-64/scikit-learn-1.5.2-py312h816cc57_1.conda#e2b5c3288bd3f8e89a46b98f8d9e8768
https://conda.anaconda.org/conda-forge/win-64/thinc-8.3.10-py312h9b46583_0.conda#081a7f0575a0b54a288a98b859636186
https://conda.anaconda.org/conda-forge/noarch/vega_datasets-0.9.0-pyhd8ed1ab_1.conda#a2208a412fdfefbd36e9c740da9a3f3b
https://conda.anaconda.org/conda-forge/noarch/jupyterlab-4.5.1-pyhd8ed1ab_0.conda#f8e8f8db45e1a946ce9b20b0f60b3111
https://conda.anaconda.org/conda-forge/win-64/matplotlib-3.8.4-py312h2e8e312_2.conda#68c7578d376386643ade755b40ed98e3
https://conda.anaconda.org/conda-forge/noarch/py-xgboost-3.1.2-cpu_pyh718b53a_2.conda#bbbfbff7fffdd93ff767cf7b5aff5122
https://conda.anaconda.org/conda-forge/noarch/sklearn-compat-0.1.5-pyhd8ed1ab_0.conda#5a9f81c5642665ff94675c05096828e4
https://conda.anaconda.org/conda-forge/win-64/spacy-3.8.11-py312he3e9d37_0.conda#54594cabaabfc3faadbd3c42cb201f00
https://conda.anaconda.org/conda-forge/noarch/imbalanced-learn-0.14.1-pyhd8ed1ab_0.conda#a973cc5fe806773afc63f555793884bf
https://conda.anaconda.org/conda-forge/noarch/notebook-7.5.1-pyhcf101f3_0.conda#c984a8b773a34e38f5cf399b6d582e5c
https://conda.anaconda.org/conda-forge/noarch/xgboost-3.1.2-cpu_pyhb39878e_2.conda#54b0d6028470e445cc488f122aabbf0d
https://conda.anaconda.org/conda-forge/noarch/nb_conda_kernels-2.5.1-pyh7428d3b_2.conda#98cde27e2a499d1948e95eb1f1e569f3
https://conda.anaconda.org/conda-forge/win-64/conda-25.11.1-py312h2e8e312_0.conda#2104ed4624e5f48c962eb678b6cdde3d
https://conda.anaconda.org/conda-forge/noarch/conda-libmamba-solver-25.11.0-pyhd8ed1ab_0.conda#48d786fa77e34d2a915db2248910e8f5
# pip jupyterlab-widgets @ https://files.pythonhosted.org/packages/ab/b5/36c712098e6191d1b4e349304ef73a8d06aed77e56ceaac8c0a306c7bda1/jupyterlab_widgets-3.0.16-py3-none-any.whl#sha256=45fa36d9c6422cf2559198e4db481aa243c7a32d9926b500781c830c80f7ecf8
# pip widgetsnbextension @ https://files.pythonhosted.org/packages/3f/0e/fa3b193432cfc60c93b42f3be03365f5f909d2b3ea410295cf36df739e31/widgetsnbextension-4.0.15-py3-none-any.whl#sha256=8156704e4346a571d9ce73b84bee86a29906c9abfd7223b7228a28899ccf3366
# pip ipywidgets @ https://files.pythonhosted.org/packages/56/6d/0d9848617b9f753b87f214f1c682592f7ca42de085f564352f10f0843026/ipywidgets-8.1.8-py3-none-any.whl#sha256=ecaca67aed704a338f88f67b1181b58f821ab5dc89c1f0f5ef99db43c1c2921e
# pip jupyter-console @ https://files.pythonhosted.org/packages/ca/77/71d78d58f15c22db16328a476426f7ac4a60d3a5a7ba3b9627ee2f7903d4/jupyter_console-6.6.3-py3-none-any.whl#sha256=309d33409fcc92ffdad25f0bcdf9a4a9daa61b6f341177570fdac03de5352485
# pip nbconvert @ https://files.pythonhosted.org/packages/cc/9a/cd673b2f773a12c992f41309ef81b99da1690426bd2f96957a7ade0d3ed7/nbconvert-7.16.6-py3-none-any.whl#sha256=1375a7b67e0c2883678c48e506dc320febb57685e5ee67faa51b18a90f3a712b
# pip tinycss2 @ https://files.pythonhosted.org/packages/e6/34/ebdc18bae6aa14fbee1a08b63c015c72b64868ff7dae68808ab500c492e2/tinycss2-1.4.0-py3-none-any.whl#sha256=3a49cf47b7675da0b15d0c6e1df8df4ebd96e9394bb905a5775adb0d884c5289
# pip jupyter @ https://files.pythonhosted.org/packages/38/64/285f20a31679bf547b75602702f7800e74dbabae36ef324f716c02804753/jupyter-1.1.1-py2.py3-none-any.whl#sha256=7a59533c22af65439b24bbe60373a4e95af8f16ac65a6c00820ad378e3f7cc83
# pip quarto-cli @ https://files.pythonhosted.org/packages/a4/20/3c6d3784b06be0f4bcbcac16ca8b23d4c7d3643b64a63f7e3326bc423b55/quarto_cli-1.8.26.tar.gz#sha256=2d9eec00822dbc86145a09bae6f33776f8235eb1d5c5c011116dacc9f7218043
